
Microsoft Visual Studio Solution File, Format Version 12.00
# Visual Studio Version 17
VisualStudioVersion = 17.3.32922.545
MinimumVisualStudioVersion = 10.0.40219.1
Project("{888888A0-9F3D-457C-B088-3A5042F75D52}") = "KNS_12_db", "KNS_12_db.pyproj", "{211E6814-EA04-4114-97BE-610D33BEEEED}"
EndProject
Global
	GlobalSection(SolutionConfigurationPlatforms) = preSolution
		Debug|Any CPU = Debug|Any CPU
		Release|Any CPU = Release|Any CPU
	EndGlobalSection
	GlobalSection(ProjectConfigurationPlatforms) = postSolution
		{211E6814-EA04-4114-97BE-610D33BEEEED}.Debug|Any CPU.ActiveCfg = Debug|Any CPU
		{211E6814-EA04-4114-97BE-610D33BEEEED}.Release|Any CPU.ActiveCfg = Release|Any CPU
	EndGlobalSection
	GlobalSection(SolutionProperties) = preSolution
		HideSolutionNode = FALSE
	EndGlobalSection
	GlobalSection(ExtensibilityGlobals) = postSolution
		SolutionGuid = {6174F8C5-5F0B-4CFA-9EAD-E841F6930967}
	EndGlobalSection
EndGlobal
